{
    "amphp/amp": {
        "version": "v2.5.1"
    },
    "amphp/byte-stream": {
        "version": "v1.8.0"
    },
    "amphp/cache": {
        "version": "v1.4.0"
    },
    "amphp/dns": {
        "version": "v0.9.15"
    },
    "amphp/hpack": {
        "version": "v3.1.0"
    },
    "amphp/http": {
        "version": "v1.6.3"
    },
    "amphp/parser": {
        "version": "v1.0.0"
    },
    "amphp/process": {
        "version": "v1.1.0"
    },
    "amphp/serialization": {
        "version": "v1.0.0"
    },
    "amphp/socket": {
        "version": "v0.10.13"
    },
    "amphp/sync": {
        "version": "v1.4.0"
    },
    "amphp/uri": {
        "version": "v0.1.4"
    },
    "amphp/websocket-client": {
        "version": "v0.2.4"
    },
    "amphp/windows-registry": {
        "version": "v0.3.3"
    },
    "daverandom/libdns": {
        "version": "v2.0.2"
    },
    "dg/bypass-finals": {
        "version": "v1.3.0"
    },
    "gbprod/uuid-normalizer": {
        "version": "v1.2.1"
    },
    "league/uri-interfaces": {
        "version": "1.1.1"
    },
    "league/uri-parser": {
        "version": "1.4.1"
    },
    "league/uri-schemes": {
        "version": "1.2.1"
    },
    "nikic/php-parser": {
        "version": "v4.10.4"
    },
    "polygon-io/api": {
        "version": "1.0.0"
    },
    "predis/predis": {
        "version": "v1.1.6"
    },
    "sensiolabs/security-checker": {
        "version": "4.0",
        "recipe": {
            "repo": "github.com/symfony/recipes",
            "branch": "master",
            "version": "4.0",
            "ref": "160c9b600564faa1224e8f387d49ef13ceb8b793"
        },
        "files": [
            "config/packages/security_checker.yaml"
        ]
    },
    "snc/redis-bundle": {
        "version": "2.0",
        "recipe": {
            "repo": "github.com/symfony/recipes-contrib",
            "branch": "master",
            "version": "2.0",
            "ref": "85bbdb3d2db531e20874de29bab0587f93604fa8"
        },
        "files": [
            "config/packages/snc_redis.yaml"
        ]
    },
    "symfony/amqp-messenger": {
        "version": "v5.1.10"
    },
    "symfony/doctrine-messenger": {
        "version": "v5.2.1"
    },
    "symfony/mailer": {
        "version": "4.3",
        "recipe": {
            "repo": "github.com/symfony/recipes",
            "branch": "master",
            "version": "4.3",
            "ref": "15658c2a0176cda2e7dba66276a2030b52bd81b2"
        },
        "files": [
            "config/packages/mailer.yaml"
        ]
    },
    "symfony/maker-bundle": {
        "version": "1.0",
        "recipe": {
            "repo": "github.com/symfony/recipes",
            "branch": "master",
            "version": "1.0",
            "ref": "fadbfe33303a76e25cb63401050439aa9b1a9c7f"
        }
    },
    "symfony/messenger": {
        "version": "4.3",
        "recipe": {
            "repo": "github.com/symfony/recipes",
            "branch": "master",
            "version": "4.3",
            "ref": "e9a414b113ceadbf4e52abe37bf8f1b443f06ccb"
        },
        "files": [
            "config/packages/messenger.yaml"
        ]
    },
    "symfony/mime": {
        "version": "v5.2.1"
    },
    "symfony/notifier": {
        "version": "5.0",
        "recipe": {
            "repo": "github.com/symfony/recipes",
            "branch": "master",
            "version": "5.0",
            "ref": "c31585e252b32fe0e1f30b1f256af553f4a06eb9"
        },
        "files": [
            "config/packages/notifier.yaml"
        ]
    },
    "symfony/redis-messenger": {
        "version": "v5.2.1"
    }
}
