{
    "behat/behat": {
        "version": "v3.8.1"
    },
    "behat/gherkin": {
        "version": "v4.6.2"
    },
    "behat/mink": {
        "version": "v1.8.1"
    },
    "behatch/contexts": {
        "version": "3.3.0"
    },
    "bunny/bunny": {
        "version": "v0.4.3"
    },
    "dunglas/doctrine-json-odm": {
        "version": "0.1",
        "recipe": {
            "repo": "github.com/symfony/recipes-contrib",
            "branch": "master",
            "version": "0.1",
            "ref": "c2ab78f625df0c89af5908d50a28602ff8c4919f"
        }
    },
    "egulias/email-validator": {
        "version": "2.1.24"
    },
    "evenement/evenement": {
        "version": "v3.0.1"
    },
    "friends-of-behat/mink-browserkit-driver": {
        "version": "v1.4.0"
    },
    "friends-of-behat/mink-extension": {
        "version": "v2.4.0"
    },
    "friends-of-behat/symfony-extension": {
        "version": "2.0",
        "recipe": {
            "repo": "github.com/symfony/recipes-contrib",
            "branch": "master",
            "version": "2.0",
            "ref": "3d21344765fd3440a85bdd27d4cada186ec628bd"
        },
        "files": [
            "behat.yml.dist",
            "config/services_test.yaml",
            "features/demo.feature",
            "tests/Behat/DemoContext.php"
        ]
    },
    "guzzlehttp/guzzle": {
        "version": "6.5.5"
    },
    "guzzlehttp/promises": {
        "version": "1.4.0"
    },
    "guzzlehttp/psr7": {
        "version": "1.7.0"
    },
    "justinrainbow/json-schema": {
        "version": "5.2.10"
    },
    "laminas/laminas-code": {
        "version": "4.0.0"
    },
    "laminas/laminas-eventmanager": {
        "version": "3.3.0"
    },
    "laminas/laminas-zendframework-bridge": {
        "version": "1.1.1"
    },
    "lcobucci/clock": {
        "version": "2.0.0"
    },
    "nyholm/psr7": {
        "version": "1.0",
        "recipe": {
            "repo": "github.com/symfony/recipes",
            "branch": "master",
            "version": "1.0",
            "ref": "7c0a9352a57376f04f5444e74565102c3a23d0c7"
        },
        "files": [
            "config/packages/nyholm_psr7.yaml"
        ]
    },
    "php": {
        "version": "7.3"
    },
    "php-http/client-common": {
        "version": "2.3.0"
    },
    "php-http/discovery": {
        "version": "1.13.0"
    },
    "php-http/guzzle6-adapter": {
        "version": "v2.0.1"
    },
    "php-http/httplug": {
        "version": "2.2.0"
    },
    "php-http/httplug-bundle": {
        "version": "1.6",
        "recipe": {
            "repo": "github.com/symfony/recipes-contrib",
            "branch": "master",
            "version": "1.6",
            "ref": "87b3d491d593d2c6e3b90bf0689ac69a188bfa5f"
        },
        "files": [
            "config/packages/httplug.yaml"
        ]
    },
    "php-http/logger-plugin": {
        "version": "1.2.1"
    },
    "php-http/promise": {
        "version": "1.1.0"
    },
    "php-http/stopwatch-plugin": {
        "version": "1.4.0"
    },
    "psr/http-client": {
        "version": "1.0.1"
    },
    "psr/http-factory": {
        "version": "1.0.1"
    },
    "ralouphie/getallheaders": {
        "version": "3.0.3"
    },
    "react/child-process": {
        "version": "v0.6.1"
    },
    "react/event-loop": {
        "version": "v1.1.1"
    },
    "react/promise": {
        "version": "v2.8.0"
    },
    "react/stream": {
        "version": "v1.1.1"
    },
    "swiftmailer/swiftmailer": {
        "version": "v6.2.3"
    },
    "symfony/browser-kit": {
        "version": "v5.2.0"
    },
    "symfony/css-selector": {
        "version": "v5.1.9"
    },
    "symfony/debug-bundle": {
        "version": "4.1",
        "recipe": {
            "repo": "github.com/symfony/recipes",
            "branch": "master",
            "version": "4.1",
            "ref": "f8863cbad2f2e58c4b65fa1eac892ab189971bea"
        },
        "files": [
            "config/packages/dev/debug.yaml"
        ]
    },
    "symfony/dom-crawler": {
        "version": "v5.1.9"
    },
    "symfony/orm-pack": {
        "version": "v1.0.8"
    },
    "symfony/polyfill-intl-idn": {
        "version": "v1.20.0"
    },
    "symfony/proxy-manager-bridge": {
        "version": "v5.1.9"
    },
    "symfony/swiftmailer-bundle": {
        "version": "2.5",
        "recipe": {
            "repo": "github.com/symfony/recipes",
            "branch": "master",
            "version": "2.5",
            "ref": "ae4d22af30bbd484506bc1817c5a3ef72c855b93"
        },
        "files": [
            "config/packages/dev/swiftmailer.yaml",
            "config/packages/swiftmailer.yaml",
            "config/packages/test/swiftmailer.yaml"
        ]
    },
    "symfony/translation": {
        "version": "3.3",
        "recipe": {
            "repo": "github.com/symfony/recipes",
            "branch": "master",
            "version": "3.3",
            "ref": "2ad9d2545bce8ca1a863e50e92141f0b9d87ffcd"
        },
        "files": [
            "config/packages/translation.yaml",
            "translations/.gitignore"
        ]
    },
    "tansoft/websocketclient": {
        "version": "1.0.1"
    },
    "textalk/websocket": {
        "version": "1.0.3"
    },
    "webimpress/safe-writer": {
        "version": "2.1.0"
    }
}
